<?xml version="1.0" encoding="utf-8"?>
<Project ToolsVersion="4.0" xmlns="http://schemas.microsoft.com/developer/msbuild/2003">
  <ItemGroup>
    <Filter Include="Source Files">
      <UniqueIdentifier>{4FC737F1-C7A5-4376-A066-2A32D752A2FF}</UniqueIdentifier>
      <Extensions>cpp;c;cc;cxx;def;odl;idl;hpj;bat;asm;asmx</Extensions>
    </Filter>
    <Filter Include="Header Files">
      <UniqueIdentifier>{93995380-89BD-4b04-88EB-625FBE52EBFB}</UniqueIdentifier>
      <Extensions>h;hh;hpp;hxx;hm;inl;inc;xsd</Extensions>
    </Filter>
    <Filter Include="Resource Files">
      <UniqueIdentifier>{67DA6AB6-F800-4c08-8B7A-83BB121AAD01}</UniqueIdentifier>
      <Extensions>rc;ico;cur;bmp;dlg;rc2;rct;bin;rgs;gif;jpg;jpeg;jpe;resx;tiff;tif;png;wav;mfcribbon-ms</Extensions>
    </Filter>
    <Filter Include="SPTLib">
      <UniqueIdentifier>{cd2f578c-8b97-4218-b6b4-dc743c8135e1}</UniqueIdentifier>
    </Filter>
    <Filter Include="Source Files\modules">
      <UniqueIdentifier>{970d36e4-12ad-4844-b830-22be3dd4fc79}</UniqueIdentifier>
    </Filter>
    <Filter Include="HLSDK">
      <UniqueIdentifier>{eb4becb5-2156-40c7-a979-7f7c716cafaa}</UniqueIdentifier>
    </Filter>
    <Filter Include="HLSDK\common">
      <UniqueIdentifier>{f45a0d8a-ac24-42fc-86b4-46d31e9e0572}</UniqueIdentifier>
    </Filter>
    <Filter Include="HLSDK\dlls">
      <UniqueIdentifier>{e415d4b7-8199-47b1-9b95-a21b1ad317bd}</UniqueIdentifier>
    </Filter>
    <Filter Include="HLSDK\engine">
      <UniqueIdentifier>{cd4bf383-6c59-451a-b7c1-55cfbc61cdb7}</UniqueIdentifier>
    </Filter>
    <Filter Include="HLSDK\cl_dll">
      <UniqueIdentifier>{795baffa-11df-4325-9dc2-6de13bc216e6}</UniqueIdentifier>
    </Filter>
    <Filter Include="SPTLib\Windows">
      <UniqueIdentifier>{0a7adf91-2232-4f28-b26e-88afbccc9ccf}</UniqueIdentifier>
    </Filter>
    <Filter Include="Source Files\Windows">
      <UniqueIdentifier>{189e2208-bd6d-4743-ae67-f6bdaa711f3f}</UniqueIdentifier>
    </Filter>
    <Filter Include="Header Files\Windows">
      <UniqueIdentifier>{594f37f2-ef74-4516-ab27-f76dc784b151}</UniqueIdentifier>
    </Filter>
    <Filter Include="Header Files\modules">
      <UniqueIdentifier>{0cd38ac8-f433-4192-b5bb-2caf67378a84}</UniqueIdentifier>
    </Filter>
  </ItemGroup>
  <ItemGroup>
    <ClInclude Include="bunnymodxt.hpp">
      <Filter>Header Files</Filter>
    </ClInclude>
    <ClInclude Include="stdafx.hpp">
      <Filter>Header Files</Filter>
    </ClInclude>
    <ClInclude Include="..\SPTLib\Hooks.hpp">
      <Filter>SPTLib</Filter>
    </ClInclude>
    <ClInclude Include="..\SPTLib\IHookableModule.hpp">
      <Filter>SPTLib</Filter>
    </ClInclude>
    <ClInclude Include="..\SPTLib\IHookableNameFilter.hpp">
      <Filter>SPTLib</Filter>
    </ClInclude>
    <ClInclude Include="..\SPTLib\sptlib.hpp">
      <Filter>SPTLib</Filter>
    </ClInclude>
    <ClInclude Include="..\SPTLib\sptlib-stdafx.hpp">
      <Filter>SPTLib</Filter>
    </ClInclude>
    <ClInclude Include="..\SPTLib\IHookableDirFilter.hpp">
      <Filter>SPTLib</Filter>
    </ClInclude>
    <ClInclude Include="..\HLSDK\common\const.h">
      <Filter>HLSDK\common</Filter>
    </ClInclude>
    <ClInclude Include="..\HLSDK\common\crc.h">
      <Filter>HLSDK\common</Filter>
    </ClInclude>
    <ClInclude Include="..\HLSDK\common\cvardef.h">
      <Filter>HLSDK\common</Filter>
    </ClInclude>
    <ClInclude Include="..\HLSDK\dlls\cdll_dll.h">
      <Filter>HLSDK\dlls</Filter>
    </ClInclude>
    <ClInclude Include="..\HLSDK\dlls\extdll.h">
      <Filter>HLSDK\dlls</Filter>
    </ClInclude>
    <ClInclude Include="..\HLSDK\dlls\vector.h">
      <Filter>HLSDK\dlls</Filter>
    </ClInclude>
    <ClInclude Include="..\HLSDK\engine\custom.h">
      <Filter>HLSDK\engine</Filter>
    </ClInclude>
    <ClInclude Include="..\HLSDK\engine\edict.h">
      <Filter>HLSDK\engine</Filter>
    </ClInclude>
    <ClInclude Include="..\HLSDK\engine\eiface.h">
      <Filter>HLSDK\engine</Filter>
    </ClInclude>
    <ClInclude Include="..\HLSDK\engine\progdefs.h">
      <Filter>HLSDK\engine</Filter>
    </ClInclude>
    <ClInclude Include="..\HLSDK\common\in_buttons.h">
      <Filter>HLSDK\common</Filter>
    </ClInclude>
    <ClInclude Include="cvars.hpp">
      <Filter>Header Files</Filter>
    </ClInclude>
    <ClInclude Include="sptlib-wrapper.hpp">
      <Filter>Header Files</Filter>
    </ClInclude>
    <ClInclude Include="modules.hpp">
      <Filter>Header Files</Filter>
    </ClInclude>
    <ClInclude Include="patterns.hpp">
      <Filter>Header Files</Filter>
    </ClInclude>
    <ClInclude Include="..\HLSDK\engine\cdll_int.h">
      <Filter>HLSDK\engine</Filter>
    </ClInclude>
    <ClInclude Include="..\HLSDK\cl_dll\wrect.h">
      <Filter>HLSDK\cl_dll</Filter>
    </ClInclude>
    <ClInclude Include="..\HLSDK\cl_dll\hud.h">
      <Filter>HLSDK\cl_dll</Filter>
    </ClInclude>
    <ClInclude Include="hud_custom.hpp">
      <Filter>Header Files</Filter>
    </ClInclude>
    <ClInclude Include="..\HLSDK\common\ref_params.h">
      <Filter>HLSDK\common</Filter>
    </ClInclude>
    <ClInclude Include="..\SPTLib\MemUtils.hpp">
      <Filter>SPTLib</Filter>
    </ClInclude>
    <ClInclude Include="..\SPTLib\Windows\DetoursUtils.hpp">
      <Filter>SPTLib\Windows</Filter>
    </ClInclude>
    <ClInclude Include="Windows\conutils.hpp">
      <Filter>Header Files\Windows</Filter>
    </ClInclude>
    <ClInclude Include="modules\ClientDLL.hpp">
      <Filter>Header Files\modules</Filter>
    </ClInclude>
    <ClInclude Include="modules\ServerDLL.hpp">
      <Filter>Header Files\modules</Filter>
    </ClInclude>
    <ClInclude Include="modules\HwDLL.hpp">
      <Filter>Header Files\modules</Filter>
    </ClInclude>
    <ClInclude Include="..\HLSDK\common\usercmd.h">
      <Filter>HLSDK\common</Filter>
    </ClInclude>
    <ClInclude Include="..\SPTLib\IHookableNameFilterOrdered.hpp">
      <Filter>SPTLib</Filter>
    </ClInclude>
  </ItemGroup>
  <ItemGroup>
    <ClCompile Include="stdafx.cpp">
      <Filter>Source Files</Filter>
    </ClCompile>
    <ClCompile Include="..\SPTLib\Hooks.cpp">
      <Filter>SPTLib</Filter>
    </ClCompile>
    <ClCompile Include="..\SPTLib\IHookableModule.cpp">
      <Filter>SPTLib</Filter>
    </ClCompile>
    <ClCompile Include="..\SPTLib\IHookableNameFilter.cpp">
      <Filter>SPTLib</Filter>
    </ClCompile>
    <ClCompile Include="..\SPTLib\sptlib.cpp">
      <Filter>SPTLib</Filter>
    </ClCompile>
    <ClCompile Include="..\SPTLib\sptlib-stdafx.cpp">
      <Filter>SPTLib</Filter>
    </ClCompile>
    <ClCompile Include="modules\ServerDLL.cpp">
      <Filter>Source Files\modules</Filter>
    </ClCompile>
    <ClCompile Include="..\SPTLib\IHookableDirFilter.cpp">
      <Filter>SPTLib</Filter>
    </ClCompile>
    <ClCompile Include="modules\ClientDLL.cpp">
      <Filter>Source Files\modules</Filter>
    </ClCompile>
    <ClCompile Include="cvars.cpp">
      <Filter>Source Files</Filter>
    </ClCompile>
    <ClCompile Include="hud_custom.cpp">
      <Filter>Source Files</Filter>
    </ClCompile>
    <ClCompile Include="..\SPTLib\MemUtils.cpp">
      <Filter>SPTLib</Filter>
    </ClCompile>
    <ClCompile Include="..\SPTLib\Windows\DetoursUtils.cpp">
      <Filter>SPTLib\Windows</Filter>
    </ClCompile>
    <ClCompile Include="..\SPTLib\Windows\Hooks_win.cpp">
      <Filter>SPTLib\Windows</Filter>
    </ClCompile>
    <ClCompile Include="..\SPTLib\Windows\MemUtils_win.cpp">
      <Filter>SPTLib\Windows</Filter>
    </ClCompile>
    <ClCompile Include="Windows\dllmain.cpp">
      <Filter>Source Files\Windows</Filter>
    </ClCompile>
    <ClCompile Include="Windows\conutils.cpp">
      <Filter>Source Files\Windows</Filter>
    </ClCompile>
    <ClCompile Include="modules\HwDLL.cpp">
      <Filter>Source Files\modules</Filter>
    </ClCompile>
    <ClCompile Include="..\SPTLib\IHookableNameFilterOrdered.cpp">
      <Filter>SPTLib</Filter>
    </ClCompile>
  </ItemGroup>
</Project>